
Microsoft Visual Studio Solution File, Format Version 12.00
# Visual Studio 2013
VisualStudioVersion = 12.0.21005.1
MinimumVisualStudioVersion = 10.0.40219.1
Project("{FAE04EC0-301F-11D3-BF4B-00C04F79EFBC}") = "eSuit", "eSuit\eSuit.csproj", "{9E67F2C5-19D8-48F7-831C-CC88A481829A}"
EndProject
Project("{FAE04EC0-301F-11D3-BF4B-00C04F79EFBC}") = "eSuit.Tests", "eSuit.Tests\eSuit.Tests.csproj", "{EC9D94F3-6DF3-457C-9003-02F1C45C6BDA}"
EndProject
Project("{FAE04EC0-301F-11D3-BF4B-00C04F79EFBC}") = "eSuitRepository", "eSuitRepository\eSuitRepository.csproj", "{9A148444-0349-45A6-A3FC-8543D9D7F67C}"
EndProject
Global
	GlobalSection(SolutionConfigurationPlatforms) = preSolution
		Debug|Any CPU = Debug|Any CPU
		Release|Any CPU = Release|Any CPU
	EndGlobalSection
	GlobalSection(ProjectConfigurationPlatforms) = postSolution
		{9E67F2C5-19D8-48F7-831C-CC88A481829A}.Debug|Any CPU.ActiveCfg = Debug|Any CPU
		{9E67F2C5-19D8-48F7-831C-CC88A481829A}.Debug|Any CPU.Build.0 = Debug|Any CPU
		{9E67F2C5-19D8-48F7-831C-CC88A481829A}.Release|Any CPU.ActiveCfg = Release|Any CPU
		{9E67F2C5-19D8-48F7-831C-CC88A481829A}.Release|Any CPU.Build.0 = Release|Any CPU
		{EC9D94F3-6DF3-457C-9003-02F1C45C6BDA}.Debug|Any CPU.ActiveCfg = Debug|Any CPU
		{EC9D94F3-6DF3-457C-9003-02F1C45C6BDA}.Debug|Any CPU.Build.0 = Debug|Any CPU
		{EC9D94F3-6DF3-457C-9003-02F1C45C6BDA}.Release|Any CPU.ActiveCfg = Release|Any CPU
		{EC9D94F3-6DF3-457C-9003-02F1C45C6BDA}.Release|Any CPU.Build.0 = Release|Any CPU
		{9A148444-0349-45A6-A3FC-8543D9D7F67C}.Debug|Any CPU.ActiveCfg = Debug|Any CPU
		{9A148444-0349-45A6-A3FC-8543D9D7F67C}.Debug|Any CPU.Build.0 = Debug|Any CPU
		{9A148444-0349-45A6-A3FC-8543D9D7F67C}.Release|Any CPU.ActiveCfg = Release|Any CPU
		{9A148444-0349-45A6-A3FC-8543D9D7F67C}.Release|Any CPU.Build.0 = Release|Any CPU
	EndGlobalSection
	GlobalSection(SolutionProperties) = preSolution
		HideSolutionNode = FALSE
	EndGlobalSection
EndGlobal
